{
  "version": 4,
  "terraform_version": "1.9.6",
  "serial": 33,
  "lineage": "60cf9868-5603-9839-c8c5-095cc5e52323",
  "outputs": {},
  "resources": [
    {
      "mode": "managed",
      "type": "aws_eip",
      "name": "nat-ip",
      "provider": "provider[\"registry.terraform.io/hashicorp/aws\"]",
      "instances": [
        {
          "schema_version": 0,
          "attributes": {
            "address": null,
            "allocation_id": "eipalloc-049e7836f3586f6c5",
            "arn": "arn:aws:ec2:us-east-1:328411654430:elastic-ip/eipalloc-049e7836f3586f6c5",
            "associate_with_private_ip": null,
            "association_id": "",
            "carrier_ip": "",
            "customer_owned_ip": "",
            "customer_owned_ipv4_pool": "",
            "domain": "vpc",
            "id": "eipalloc-049e7836f3586f6c5",
            "instance": "",
            "network_border_group": "us-east-1",
            "network_interface": "",
            "private_dns": null,
            "private_ip": "",
            "ptr_record": "",
            "public_dns": "ec2-35-169-135-183.compute-1.amazonaws.com",
            "public_ip": "35.169.135.183",
            "public_ipv4_pool": "amazon",
            "tags": null,
            "tags_all": {},
            "timeouts": null,
            "vpc": true
          },
          "sensitive_attributes": [],
          "private": "eyJlMmJmYjczMC1lY2FhLTExZTYtOGY4OC0zNDM2M2JjN2M0YzAiOnsiZGVsZXRlIjoxODAwMDAwMDAwMDAsInJlYWQiOjkwMDAwMDAwMDAwMCwidXBkYXRlIjozMDAwMDAwMDAwMDB9fQ=="
        }
      ]
    },
    {
      "mode": "managed",
      "type": "aws_instance",
      "name": "bastion",
      "provider": "provider[\"registry.terraform.io/hashicorp/aws\"]",
      "instances": [
        {
          "schema_version": 1,
          "attributes": {
            "ami": "ami-0866a3c8686eaeeba",
            "arn": "arn:aws:ec2:us-east-1:328411654430:instance/i-0f7e8c5d45053e862",
            "associate_public_ip_address": true,
            "availability_zone": "us-east-1a",
            "capacity_reservation_specification": [
              {
                "capacity_reservation_preference": "open",
                "capacity_reservation_target": []
              }
            ],
            "cpu_core_count": 1,
            "cpu_options": [
              {
                "amd_sev_snp": "",
                "core_count": 1,
                "threads_per_core": 1
              }
            ],
            "cpu_threads_per_core": 1,
            "credit_specification": [
              {
                "cpu_credits": "standard"
              }
            ],
            "disable_api_stop": false,
            "disable_api_termination": false,
            "ebs_block_device": [],
            "ebs_optimized": false,
            "enclave_options": [
              {
                "enabled": false
              }
            ],
            "ephemeral_block_device": [],
            "get_password_data": false,
            "hibernation": false,
            "host_id": "",
            "host_resource_group_arn": null,
            "iam_instance_profile": "",
            "id": "i-0f7e8c5d45053e862",
            "instance_initiated_shutdown_behavior": "stop",
            "instance_lifecycle": "",
            "instance_market_options": [],
            "instance_state": "running",
            "instance_type": "t2.micro",
            "ipv6_address_count": 0,
            "ipv6_addresses": [],
            "key_name": "mykey",
            "launch_template": [],
            "maintenance_options": [
              {
                "auto_recovery": "default"
              }
            ],
            "metadata_options": [
              {
                "http_endpoint": "enabled",
                "http_protocol_ipv6": "disabled",
                "http_put_response_hop_limit": 2,
                "http_tokens": "required",
                "instance_metadata_tags": "disabled"
              }
            ],
            "monitoring": false,
            "network_interface": [],
            "outpost_arn": "",
            "password_data": "",
            "placement_group": "",
            "placement_partition_number": 0,
            "primary_network_interface_id": "eni-075d78f253d57168d",
            "private_dns": "ip-10-0-1-146.ec2.internal",
            "private_dns_name_options": [
              {
                "enable_resource_name_dns_a_record": false,
                "enable_resource_name_dns_aaaa_record": false,
                "hostname_type": "ip-name"
              }
            ],
            "private_ip": "10.0.1.146",
            "public_dns": "",
            "public_ip": "35.169.107.75",
            "root_block_device": [
              {
                "delete_on_termination": true,
                "device_name": "/dev/sda1",
                "encrypted": false,
                "iops": 3000,
                "kms_key_id": "",
                "tags": {},
                "tags_all": {},
                "throughput": 125,
                "volume_id": "vol-0be6830a4602c9537",
                "volume_size": 8,
                "volume_type": "gp3"
              }
            ],
            "secondary_private_ips": [],
            "security_groups": [],
            "source_dest_check": true,
            "spot_instance_request_id": "",
            "subnet_id": "subnet-01d9b99467d9db76a",
            "tags": null,
            "tags_all": {},
            "tenancy": "default",
            "timeouts": null,
            "user_data": null,
            "user_data_base64": null,
            "user_data_replace_on_change": false,
            "volume_tags": null,
            "vpc_security_group_ids": [
              "sg-0e5098cebdb570a66"
            ]
          },
          "sensitive_attributes": [],
          "private": "eyJlMmJmYjczMC1lY2FhLTExZTYtOGY4OC0zNDM2M2JjN2M0YzAiOnsiY3JlYXRlIjo2MDAwMDAwMDAwMDAsImRlbGV0ZSI6MTIwMDAwMDAwMDAwMCwicmVhZCI6OTAwMDAwMDAwMDAwLCJ1cGRhdGUiOjYwMDAwMDAwMDAwMH0sInNjaGVtYV92ZXJzaW9uIjoiMSJ9",
          "dependencies": [
            "aws_key_pair.ubuntu-kp",
            "aws_security_group.bastion-sg",
            "aws_subnet.public-01",
            "aws_vpc.main",
            "tls_private_key.pk"
          ]
        }
      ]
    },
    {
      "mode": "managed",
      "type": "aws_internet_gateway",
      "name": "gw",
      "provider": "provider[\"registry.terraform.io/hashicorp/aws\"]",
      "instances": [
        {
          "schema_version": 0,
          "attributes": {
            "arn": "arn:aws:ec2:us-east-1:328411654430:internet-gateway/igw-0fd74f275f35bebb6",
            "id": "igw-0fd74f275f35bebb6",
            "owner_id": "328411654430",
            "tags": null,
            "tags_all": {},
            "timeouts": null,
            "vpc_id": "vpc-09c82748e716a4dd3"
          },
          "sensitive_attributes": [],
          "private": "eyJlMmJmYjczMC1lY2FhLTExZTYtOGY4OC0zNDM2M2JjN2M0YzAiOnsiY3JlYXRlIjoxMjAwMDAwMDAwMDAwLCJkZWxldGUiOjEyMDAwMDAwMDAwMDAsInVwZGF0ZSI6MTIwMDAwMDAwMDAwMH19",
          "dependencies": [
            "aws_vpc.main"
          ]
        }
      ]
    },
    {
      "mode": "managed",
      "type": "aws_key_pair",
      "name": "ubuntu-kp",
      "provider": "provider[\"registry.terraform.io/hashicorp/aws\"]",
      "instances": [
        {
          "schema_version": 1,
          "attributes": {
            "arn": "arn:aws:ec2:us-east-1:328411654430:key-pair/mykey",
            "fingerprint": "1e:15:d2:9a:bc:f0:9f:f3:0a:0e:fa:d7:fe:7f:34:51",
            "id": "mykey",
            "key_name": "mykey",
            "key_name_prefix": "",
            "key_pair_id": "key-063da03ed2d31dd9d",
            "key_type": "rsa",
            "public_key": "ssh-rsa AAAAB3NzaC1yc2EAAAADAQABAAACAQDImknxFrO+bxcJfc3f9MWpg4V/9/xKXLbhWMmthd7TdLNaiVBscV3wGmQIadb7CDK3/TwPrOaM3U3cdNCmcYNxQ3xDeG0tR22MbgzdkzBUAh434Wl/lPhk7hBRfU4V2eE6zHeiTF9i3wLWcQadVcVEW0PVadhMionvQN/m2FPbvvoZi5FmoGFmEGhmDy2VAp/DOKBRcY1mibWL1V5uURXeVrakT/q2iv12gkcYjLhr7usfjAU3rvK0EG1rqcSrDfmWrNaNcoOe7EmqyzFLajsz8Gs6ZHOMNt3f0zdp7KplSpHH7Gtco+f8AvAKCKcjoAgbhEQ20nTjPhkmZUueIySinKhPnlQDNIz7qfKByN3j/iQSfC7qHxJ+EoU51OSgKjx6CS4EEP0XTsBEXCCBL4362pu3FybEqjPGB7fZnD+W4MGtRb3ztTG+E9SYakDlp52pZYeqY22z4qZwPCiYGHH1oV2GS0l20vrsspdyUYHgTPGbLcEX3PDj2z8I2CdVnBL4U5/RN1M+EFjL4mtevuC/WFSL3sjwpUIonPnnGgXrxhE7+prhE9/bF0zlK/MWeja8i0r349fFx0f953YgwtAP9/Ivy45bGaQRKG+QUYGyZwDZeE/uTWle5HJvBOMp4q56T3CzRysCWvV+6M4CO61NxCaQXu7QCkE8cU0OVZtUUw==",
            "tags": null,
            "tags_all": {}
          },
          "sensitive_attributes": [],
          "private": "eyJzY2hlbWFfdmVyc2lvbiI6IjEifQ==",
          "dependencies": [
            "tls_private_key.pk"
          ]
        }
      ]
    },
    {
      "mode": "managed",
      "type": "aws_nat_gateway",
      "name": "mynat",
      "provider": "provider[\"registry.terraform.io/hashicorp/aws\"]",
      "instances": [
        {
          "schema_version": 0,
          "attributes": {
            "allocation_id": "eipalloc-049e7836f3586f6c5",
            "association_id": "eipassoc-0e20f8e96284f7103",
            "connectivity_type": "public",
            "id": "nat-0abeed36a3707794a",
            "network_interface_id": "eni-00877f2ffebdd957c",
            "private_ip": "10.0.1.227",
            "public_ip": "35.169.135.183",
            "secondary_allocation_ids": null,
            "secondary_private_ip_address_count": 0,
            "secondary_private_ip_addresses": [],
            "subnet_id": "subnet-01d9b99467d9db76a",
            "tags": null,
            "tags_all": {},
            "timeouts": null
          },
          "sensitive_attributes": [],
          "private": "eyJlMmJmYjczMC1lY2FhLTExZTYtOGY4OC0zNDM2M2JjN2M0YzAiOnsiY3JlYXRlIjo2MDAwMDAwMDAwMDAsImRlbGV0ZSI6MTgwMDAwMDAwMDAwMCwidXBkYXRlIjo2MDAwMDAwMDAwMDB9fQ==",
          "dependencies": [
            "aws_eip.nat-ip",
            "aws_subnet.public-01",
            "aws_vpc.main"
          ]
        }
      ]
    },
    {
      "mode": "managed",
      "type": "aws_route",
      "name": "private-route",
      "provider": "provider[\"registry.terraform.io/hashicorp/aws\"]",
      "instances": [
        {
          "schema_version": 0,
          "attributes": {
            "carrier_gateway_id": "",
            "core_network_arn": "",
            "destination_cidr_block": "0.0.0.0/0",
            "destination_ipv6_cidr_block": "",
            "destination_prefix_list_id": "",
            "egress_only_gateway_id": "",
            "gateway_id": "",
            "id": "r-rtb-0a1ae1485cfc77c1f1080289494",
            "instance_id": "",
            "instance_owner_id": "",
            "local_gateway_id": "",
            "nat_gateway_id": "nat-0abeed36a3707794a",
            "network_interface_id": "",
            "origin": "CreateRoute",
            "route_table_id": "rtb-0a1ae1485cfc77c1f",
            "state": "active",
            "timeouts": null,
            "transit_gateway_id": "",
            "vpc_endpoint_id": "",
            "vpc_peering_connection_id": ""
          },
          "sensitive_attributes": [],
          "private": "eyJlMmJmYjczMC1lY2FhLTExZTYtOGY4OC0zNDM2M2JjN2M0YzAiOnsiY3JlYXRlIjozMDAwMDAwMDAwMDAsImRlbGV0ZSI6MzAwMDAwMDAwMDAwLCJ1cGRhdGUiOjEyMDAwMDAwMDAwMH19",
          "dependencies": [
            "aws_eip.nat-ip",
            "aws_nat_gateway.mynat",
            "aws_route_table.private-RT",
            "aws_subnet.public-01",
            "aws_vpc.main"
          ]
        }
      ]
    },
    {
      "mode": "managed",
      "type": "aws_route",
      "name": "public-route",
      "provider": "provider[\"registry.terraform.io/hashicorp/aws\"]",
      "instances": [
        {
          "schema_version": 0,
          "attributes": {
            "carrier_gateway_id": "",
            "core_network_arn": "",
            "destination_cidr_block": "0.0.0.0/0",
            "destination_ipv6_cidr_block": "",
            "destination_prefix_list_id": "",
            "egress_only_gateway_id": "",
            "gateway_id": "igw-0fd74f275f35bebb6",
            "id": "r-rtb-0180747add1a9b5a81080289494",
            "instance_id": "",
            "instance_owner_id": "",
            "local_gateway_id": "",
            "nat_gateway_id": "",
            "network_interface_id": "",
            "origin": "CreateRoute",
            "route_table_id": "rtb-0180747add1a9b5a8",
            "state": "active",
            "timeouts": null,
            "transit_gateway_id": "",
            "vpc_endpoint_id": "",
            "vpc_peering_connection_id": ""
          },
          "sensitive_attributes": [],
          "private": "eyJlMmJmYjczMC1lY2FhLTExZTYtOGY4OC0zNDM2M2JjN2M0YzAiOnsiY3JlYXRlIjozMDAwMDAwMDAwMDAsImRlbGV0ZSI6MzAwMDAwMDAwMDAwLCJ1cGRhdGUiOjEyMDAwMDAwMDAwMH19",
          "dependencies": [
            "aws_internet_gateway.gw",
            "aws_route_table.public-RT",
            "aws_vpc.main"
          ]
        }
      ]
    },
    {
      "mode": "managed",
      "type": "aws_route_table",
      "name": "private-RT",
      "provider": "provider[\"registry.terraform.io/hashicorp/aws\"]",
      "instances": [
        {
          "schema_version": 0,
          "attributes": {
            "arn": "arn:aws:ec2:us-east-1:328411654430:route-table/rtb-0a1ae1485cfc77c1f",
            "id": "rtb-0a1ae1485cfc77c1f",
            "owner_id": "328411654430",
            "propagating_vgws": [],
            "route": [],
            "tags": null,
            "tags_all": {},
            "timeouts": null,
            "vpc_id": "vpc-09c82748e716a4dd3"
          },
          "sensitive_attributes": [],
          "private": "eyJlMmJmYjczMC1lY2FhLTExZTYtOGY4OC0zNDM2M2JjN2M0YzAiOnsiY3JlYXRlIjozMDAwMDAwMDAwMDAsImRlbGV0ZSI6MzAwMDAwMDAwMDAwLCJ1cGRhdGUiOjEyMDAwMDAwMDAwMH19",
          "dependencies": [
            "aws_vpc.main"
          ]
        }
      ]
    },
    {
      "mode": "managed",
      "type": "aws_route_table",
      "name": "public-RT",
      "provider": "provider[\"registry.terraform.io/hashicorp/aws\"]",
      "instances": [
        {
          "schema_version": 0,
          "attributes": {
            "arn": "arn:aws:ec2:us-east-1:328411654430:route-table/rtb-0180747add1a9b5a8",
            "id": "rtb-0180747add1a9b5a8",
            "owner_id": "328411654430",
            "propagating_vgws": [],
            "route": [],
            "tags": null,
            "tags_all": {},
            "timeouts": null,
            "vpc_id": "vpc-09c82748e716a4dd3"
          },
          "sensitive_attributes": [],
          "private": "eyJlMmJmYjczMC1lY2FhLTExZTYtOGY4OC0zNDM2M2JjN2M0YzAiOnsiY3JlYXRlIjozMDAwMDAwMDAwMDAsImRlbGV0ZSI6MzAwMDAwMDAwMDAwLCJ1cGRhdGUiOjEyMDAwMDAwMDAwMH19",
          "dependencies": [
            "aws_vpc.main"
          ]
        }
      ]
    },
    {
      "mode": "managed",
      "type": "aws_route_table_association",
      "name": "private-DB-1",
      "provider": "provider[\"registry.terraform.io/hashicorp/aws\"]",
      "instances": [
        {
          "schema_version": 0,
          "attributes": {
            "gateway_id": "",
            "id": "rtbassoc-0ff9254543692b721",
            "route_table_id": "rtb-0a1ae1485cfc77c1f",
            "subnet_id": "subnet-0b9f46eaa7627bdd3",
            "timeouts": null
          },
          "sensitive_attributes": [],
          "private": "eyJlMmJmYjczMC1lY2FhLTExZTYtOGY4OC0zNDM2M2JjN2M0YzAiOnsiY3JlYXRlIjozMDAwMDAwMDAwMDAsImRlbGV0ZSI6MzAwMDAwMDAwMDAwLCJ1cGRhdGUiOjEyMDAwMDAwMDAwMH19",
          "dependencies": [
            "aws_route_table.private-RT",
            "aws_subnet.private-DB-01",
            "aws_vpc.main"
          ]
        }
      ]
    },
    {
      "mode": "managed",
      "type": "aws_route_table_association",
      "name": "private-DB-2",
      "provider": "provider[\"registry.terraform.io/hashicorp/aws\"]",
      "instances": [
        {
          "schema_version": 0,
          "attributes": {
            "gateway_id": "",
            "id": "rtbassoc-0fc072dea23655413",
            "route_table_id": "rtb-0a1ae1485cfc77c1f",
            "subnet_id": "subnet-0c967d02fb1284062",
            "timeouts": null
          },
          "sensitive_attributes": [],
          "private": "eyJlMmJmYjczMC1lY2FhLTExZTYtOGY4OC0zNDM2M2JjN2M0YzAiOnsiY3JlYXRlIjozMDAwMDAwMDAwMDAsImRlbGV0ZSI6MzAwMDAwMDAwMDAwLCJ1cGRhdGUiOjEyMDAwMDAwMDAwMH19",
          "dependencies": [
            "aws_route_table.private-RT",
            "aws_subnet.private-DB-02",
            "aws_vpc.main"
          ]
        }
      ]
    },
    {
      "mode": "managed",
      "type": "aws_route_table_association",
      "name": "private1",
      "provider": "provider[\"registry.terraform.io/hashicorp/aws\"]",
      "instances": [
        {
          "schema_version": 0,
          "attributes": {
            "gateway_id": "",
            "id": "rtbassoc-0dd6736802ed38954",
            "route_table_id": "rtb-0a1ae1485cfc77c1f",
            "subnet_id": "subnet-087c6bbb1fb389824",
            "timeouts": null
          },
          "sensitive_attributes": [],
          "private": "eyJlMmJmYjczMC1lY2FhLTExZTYtOGY4OC0zNDM2M2JjN2M0YzAiOnsiY3JlYXRlIjozMDAwMDAwMDAwMDAsImRlbGV0ZSI6MzAwMDAwMDAwMDAwLCJ1cGRhdGUiOjEyMDAwMDAwMDAwMH19",
          "dependencies": [
            "aws_route_table.private-RT",
            "aws_subnet.private-01",
            "aws_vpc.main"
          ]
        }
      ]
    },
    {
      "mode": "managed",
      "type": "aws_route_table_association",
      "name": "private2",
      "provider": "provider[\"registry.terraform.io/hashicorp/aws\"]",
      "instances": [
        {
          "schema_version": 0,
          "attributes": {
            "gateway_id": "",
            "id": "rtbassoc-0a71d4b44ac898cb4",
            "route_table_id": "rtb-0a1ae1485cfc77c1f",
            "subnet_id": "subnet-066b05b947285a02a",
            "timeouts": null
          },
          "sensitive_attributes": [],
          "private": "eyJlMmJmYjczMC1lY2FhLTExZTYtOGY4OC0zNDM2M2JjN2M0YzAiOnsiY3JlYXRlIjozMDAwMDAwMDAwMDAsImRlbGV0ZSI6MzAwMDAwMDAwMDAwLCJ1cGRhdGUiOjEyMDAwMDAwMDAwMH19",
          "dependencies": [
            "aws_route_table.private-RT",
            "aws_subnet.private-02",
            "aws_vpc.main"
          ]
        }
      ]
    },
    {
      "mode": "managed",
      "type": "aws_route_table_association",
      "name": "public1",
      "provider": "provider[\"registry.terraform.io/hashicorp/aws\"]",
      "instances": [
        {
          "schema_version": 0,
          "attributes": {
            "gateway_id": "",
            "id": "rtbassoc-078bcf835398d2834",
            "route_table_id": "rtb-0180747add1a9b5a8",
            "subnet_id": "subnet-01d9b99467d9db76a",
            "timeouts": null
          },
          "sensitive_attributes": [],
          "private": "eyJlMmJmYjczMC1lY2FhLTExZTYtOGY4OC0zNDM2M2JjN2M0YzAiOnsiY3JlYXRlIjozMDAwMDAwMDAwMDAsImRlbGV0ZSI6MzAwMDAwMDAwMDAwLCJ1cGRhdGUiOjEyMDAwMDAwMDAwMH19",
          "dependencies": [
            "aws_route_table.public-RT",
            "aws_subnet.public-01",
            "aws_vpc.main"
          ]
        }
      ]
    },
    {
      "mode": "managed",
      "type": "aws_route_table_association",
      "name": "public2",
      "provider": "provider[\"registry.terraform.io/hashicorp/aws\"]",
      "instances": [
        {
          "schema_version": 0,
          "attributes": {
            "gateway_id": "",
            "id": "rtbassoc-07ac12219b4d11821",
            "route_table_id": "rtb-0180747add1a9b5a8",
            "subnet_id": "subnet-0277b5f0593cf0f04",
            "timeouts": null
          },
          "sensitive_attributes": [],
          "private": "eyJlMmJmYjczMC1lY2FhLTExZTYtOGY4OC0zNDM2M2JjN2M0YzAiOnsiY3JlYXRlIjozMDAwMDAwMDAwMDAsImRlbGV0ZSI6MzAwMDAwMDAwMDAwLCJ1cGRhdGUiOjEyMDAwMDAwMDAwMH19",
          "dependencies": [
            "aws_route_table.public-RT",
            "aws_subnet.public-02",
            "aws_vpc.main"
          ]
        }
      ]
    },
    {
      "mode": "managed",
      "type": "aws_security_group",
      "name": "bastion-sg",
      "provider": "provider[\"registry.terraform.io/hashicorp/aws\"]",
      "instances": [
        {
          "schema_version": 1,
          "attributes": {
            "arn": "arn:aws:ec2:us-east-1:328411654430:security-group/sg-0e5098cebdb570a66",
            "description": "Allow ssh inbound traffic and all outbound traffic",
            "egress": [],
            "id": "sg-0e5098cebdb570a66",
            "ingress": [],
            "name": "allow_ssh",
            "name_prefix": "",
            "owner_id": "328411654430",
            "revoke_rules_on_delete": false,
            "tags": null,
            "tags_all": {},
            "timeouts": null,
            "vpc_id": "vpc-09c82748e716a4dd3"
          },
          "sensitive_attributes": [],
          "private": "eyJlMmJmYjczMC1lY2FhLTExZTYtOGY4OC0zNDM2M2JjN2M0YzAiOnsiY3JlYXRlIjo2MDAwMDAwMDAwMDAsImRlbGV0ZSI6OTAwMDAwMDAwMDAwfSwic2NoZW1hX3ZlcnNpb24iOiIxIn0=",
          "dependencies": [
            "aws_vpc.main"
          ]
        }
      ]
    },
    {
      "mode": "managed",
      "type": "aws_security_group",
      "name": "web-sg",
      "provider": "provider[\"registry.terraform.io/hashicorp/aws\"]",
      "instances": [
        {
          "schema_version": 1,
          "attributes": {
            "arn": "arn:aws:ec2:us-east-1:328411654430:security-group/sg-00ba801dbe1b0b10f",
            "description": "Allow http inbound traffic and all outbound traffic",
            "egress": [],
            "id": "sg-00ba801dbe1b0b10f",
            "ingress": [],
            "name": "allow_http",
            "name_prefix": "",
            "owner_id": "328411654430",
            "revoke_rules_on_delete": false,
            "tags": null,
            "tags_all": {},
            "timeouts": null,
            "vpc_id": "vpc-09c82748e716a4dd3"
          },
          "sensitive_attributes": [],
          "private": "eyJlMmJmYjczMC1lY2FhLTExZTYtOGY4OC0zNDM2M2JjN2M0YzAiOnsiY3JlYXRlIjo2MDAwMDAwMDAwMDAsImRlbGV0ZSI6OTAwMDAwMDAwMDAwfSwic2NoZW1hX3ZlcnNpb24iOiIxIn0=",
          "dependencies": [
            "aws_vpc.main"
          ]
        }
      ]
    },
    {
      "mode": "managed",
      "type": "aws_subnet",
      "name": "private-01",
      "provider": "provider[\"registry.terraform.io/hashicorp/aws\"]",
      "instances": [
        {
          "schema_version": 1,
          "attributes": {
            "arn": "arn:aws:ec2:us-east-1:328411654430:subnet/subnet-087c6bbb1fb389824",
            "assign_ipv6_address_on_creation": false,
            "availability_zone": "us-east-1a",
            "availability_zone_id": "use1-az1",
            "cidr_block": "10.0.3.0/24",
            "customer_owned_ipv4_pool": "",
            "enable_dns64": false,
            "enable_lni_at_device_index": 0,
            "enable_resource_name_dns_a_record_on_launch": false,
            "enable_resource_name_dns_aaaa_record_on_launch": false,
            "id": "subnet-087c6bbb1fb389824",
            "ipv6_cidr_block": "",
            "ipv6_cidr_block_association_id": "",
            "ipv6_native": false,
            "map_customer_owned_ip_on_launch": false,
            "map_public_ip_on_launch": false,
            "outpost_arn": "",
            "owner_id": "328411654430",
            "private_dns_hostname_type_on_launch": "ip-name",
            "tags": null,
            "tags_all": {},
            "timeouts": null,
            "vpc_id": "vpc-09c82748e716a4dd3"
          },
          "sensitive_attributes": [],
          "private": "eyJlMmJmYjczMC1lY2FhLTExZTYtOGY4OC0zNDM2M2JjN2M0YzAiOnsiY3JlYXRlIjo2MDAwMDAwMDAwMDAsImRlbGV0ZSI6MTIwMDAwMDAwMDAwMH0sInNjaGVtYV92ZXJzaW9uIjoiMSJ9",
          "dependencies": [
            "aws_vpc.main"
          ]
        }
      ]
    },
    {
      "mode": "managed",
      "type": "aws_subnet",
      "name": "private-02",
      "provider": "provider[\"registry.terraform.io/hashicorp/aws\"]",
      "instances": [
        {
          "schema_version": 1,
          "attributes": {
            "arn": "arn:aws:ec2:us-east-1:328411654430:subnet/subnet-066b05b947285a02a",
            "assign_ipv6_address_on_creation": false,
            "availability_zone": "us-east-1b",
            "availability_zone_id": "use1-az2",
            "cidr_block": "10.0.4.0/24",
            "customer_owned_ipv4_pool": "",
            "enable_dns64": false,
            "enable_lni_at_device_index": 0,
            "enable_resource_name_dns_a_record_on_launch": false,
            "enable_resource_name_dns_aaaa_record_on_launch": false,
            "id": "subnet-066b05b947285a02a",
            "ipv6_cidr_block": "",
            "ipv6_cidr_block_association_id": "",
            "ipv6_native": false,
            "map_customer_owned_ip_on_launch": false,
            "map_public_ip_on_launch": false,
            "outpost_arn": "",
            "owner_id": "328411654430",
            "private_dns_hostname_type_on_launch": "ip-name",
            "tags": null,
            "tags_all": {},
            "timeouts": null,
            "vpc_id": "vpc-09c82748e716a4dd3"
          },
          "sensitive_attributes": [],
          "private": "eyJlMmJmYjczMC1lY2FhLTExZTYtOGY4OC0zNDM2M2JjN2M0YzAiOnsiY3JlYXRlIjo2MDAwMDAwMDAwMDAsImRlbGV0ZSI6MTIwMDAwMDAwMDAwMH0sInNjaGVtYV92ZXJzaW9uIjoiMSJ9",
          "dependencies": [
            "aws_vpc.main"
          ]
        }
      ]
    },
    {
      "mode": "managed",
      "type": "aws_subnet",
      "name": "private-DB-01",
      "provider": "provider[\"registry.terraform.io/hashicorp/aws\"]",
      "instances": [
        {
          "schema_version": 1,
          "attributes": {
            "arn": "arn:aws:ec2:us-east-1:328411654430:subnet/subnet-0b9f46eaa7627bdd3",
            "assign_ipv6_address_on_creation": false,
            "availability_zone": "us-east-1a",
            "availability_zone_id": "use1-az1",
            "cidr_block": "10.0.5.0/24",
            "customer_owned_ipv4_pool": "",
            "enable_dns64": false,
            "enable_lni_at_device_index": 0,
            "enable_resource_name_dns_a_record_on_launch": false,
            "enable_resource_name_dns_aaaa_record_on_launch": false,
            "id": "subnet-0b9f46eaa7627bdd3",
            "ipv6_cidr_block": "",
            "ipv6_cidr_block_association_id": "",
            "ipv6_native": false,
            "map_customer_owned_ip_on_launch": false,
            "map_public_ip_on_launch": false,
            "outpost_arn": "",
            "owner_id": "328411654430",
            "private_dns_hostname_type_on_launch": "ip-name",
            "tags": null,
            "tags_all": {},
            "timeouts": null,
            "vpc_id": "vpc-09c82748e716a4dd3"
          },
          "sensitive_attributes": [],
          "private": "eyJlMmJmYjczMC1lY2FhLTExZTYtOGY4OC0zNDM2M2JjN2M0YzAiOnsiY3JlYXRlIjo2MDAwMDAwMDAwMDAsImRlbGV0ZSI6MTIwMDAwMDAwMDAwMH0sInNjaGVtYV92ZXJzaW9uIjoiMSJ9",
          "dependencies": [
            "aws_vpc.main"
          ]
        }
      ]
    },
    {
      "mode": "managed",
      "type": "aws_subnet",
      "name": "private-DB-02",
      "provider": "provider[\"registry.terraform.io/hashicorp/aws\"]",
      "instances": [
        {
          "schema_version": 1,
          "attributes": {
            "arn": "arn:aws:ec2:us-east-1:328411654430:subnet/subnet-0c967d02fb1284062",
            "assign_ipv6_address_on_creation": false,
            "availability_zone": "us-east-1b",
            "availability_zone_id": "use1-az2",
            "cidr_block": "10.0.6.0/24",
            "customer_owned_ipv4_pool": "",
            "enable_dns64": false,
            "enable_lni_at_device_index": 0,
            "enable_resource_name_dns_a_record_on_launch": false,
            "enable_resource_name_dns_aaaa_record_on_launch": false,
            "id": "subnet-0c967d02fb1284062",
            "ipv6_cidr_block": "",
            "ipv6_cidr_block_association_id": "",
            "ipv6_native": false,
            "map_customer_owned_ip_on_launch": false,
            "map_public_ip_on_launch": false,
            "outpost_arn": "",
            "owner_id": "328411654430",
            "private_dns_hostname_type_on_launch": "ip-name",
            "tags": null,
            "tags_all": {},
            "timeouts": null,
            "vpc_id": "vpc-09c82748e716a4dd3"
          },
          "sensitive_attributes": [],
          "private": "eyJlMmJmYjczMC1lY2FhLTExZTYtOGY4OC0zNDM2M2JjN2M0YzAiOnsiY3JlYXRlIjo2MDAwMDAwMDAwMDAsImRlbGV0ZSI6MTIwMDAwMDAwMDAwMH0sInNjaGVtYV92ZXJzaW9uIjoiMSJ9",
          "dependencies": [
            "aws_vpc.main"
          ]
        }
      ]
    },
    {
      "mode": "managed",
      "type": "aws_subnet",
      "name": "public-01",
      "provider": "provider[\"registry.terraform.io/hashicorp/aws\"]",
      "instances": [
        {
          "schema_version": 1,
          "attributes": {
            "arn": "arn:aws:ec2:us-east-1:328411654430:subnet/subnet-01d9b99467d9db76a",
            "assign_ipv6_address_on_creation": false,
            "availability_zone": "us-east-1a",
            "availability_zone_id": "use1-az1",
            "cidr_block": "10.0.1.0/24",
            "customer_owned_ipv4_pool": "",
            "enable_dns64": false,
            "enable_lni_at_device_index": 0,
            "enable_resource_name_dns_a_record_on_launch": false,
            "enable_resource_name_dns_aaaa_record_on_launch": false,
            "id": "subnet-01d9b99467d9db76a",
            "ipv6_cidr_block": "",
            "ipv6_cidr_block_association_id": "",
            "ipv6_native": false,
            "map_customer_owned_ip_on_launch": false,
            "map_public_ip_on_launch": true,
            "outpost_arn": "",
            "owner_id": "328411654430",
            "private_dns_hostname_type_on_launch": "ip-name",
            "tags": null,
            "tags_all": {},
            "timeouts": null,
            "vpc_id": "vpc-09c82748e716a4dd3"
          },
          "sensitive_attributes": [],
          "private": "eyJlMmJmYjczMC1lY2FhLTExZTYtOGY4OC0zNDM2M2JjN2M0YzAiOnsiY3JlYXRlIjo2MDAwMDAwMDAwMDAsImRlbGV0ZSI6MTIwMDAwMDAwMDAwMH0sInNjaGVtYV92ZXJzaW9uIjoiMSJ9",
          "dependencies": [
            "aws_vpc.main"
          ]
        }
      ]
    },
    {
      "mode": "managed",
      "type": "aws_subnet",
      "name": "public-02",
      "provider": "provider[\"registry.terraform.io/hashicorp/aws\"]",
      "instances": [
        {
          "schema_version": 1,
          "attributes": {
            "arn": "arn:aws:ec2:us-east-1:328411654430:subnet/subnet-0277b5f0593cf0f04",
            "assign_ipv6_address_on_creation": false,
            "availability_zone": "us-east-1b",
            "availability_zone_id": "use1-az2",
            "cidr_block": "10.0.2.0/24",
            "customer_owned_ipv4_pool": "",
            "enable_dns64": false,
            "enable_lni_at_device_index": 0,
            "enable_resource_name_dns_a_record_on_launch": false,
            "enable_resource_name_dns_aaaa_record_on_launch": false,
            "id": "subnet-0277b5f0593cf0f04",
            "ipv6_cidr_block": "",
            "ipv6_cidr_block_association_id": "",
            "ipv6_native": false,
            "map_customer_owned_ip_on_launch": false,
            "map_public_ip_on_launch": true,
            "outpost_arn": "",
            "owner_id": "328411654430",
            "private_dns_hostname_type_on_launch": "ip-name",
            "tags": null,
            "tags_all": {},
            "timeouts": null,
            "vpc_id": "vpc-09c82748e716a4dd3"
          },
          "sensitive_attributes": [],
          "private": "eyJlMmJmYjczMC1lY2FhLTExZTYtOGY4OC0zNDM2M2JjN2M0YzAiOnsiY3JlYXRlIjo2MDAwMDAwMDAwMDAsImRlbGV0ZSI6MTIwMDAwMDAwMDAwMH0sInNjaGVtYV92ZXJzaW9uIjoiMSJ9",
          "dependencies": [
            "aws_vpc.main"
          ]
        }
      ]
    },
    {
      "mode": "managed",
      "type": "aws_vpc",
      "name": "main",
      "provider": "provider[\"registry.terraform.io/hashicorp/aws\"]",
      "instances": [
        {
          "schema_version": 1,
          "attributes": {
            "arn": "arn:aws:ec2:us-east-1:328411654430:vpc/vpc-09c82748e716a4dd3",
            "assign_generated_ipv6_cidr_block": false,
            "cidr_block": "10.0.0.0/16",
            "default_network_acl_id": "acl-0e18feeee4e3e6291",
            "default_route_table_id": "rtb-0ac410787217f65bf",
            "default_security_group_id": "sg-05cfde6ea1acf64e9",
            "dhcp_options_id": "dopt-0726f9d50cd811493",
            "enable_dns_hostnames": false,
            "enable_dns_support": true,
            "enable_network_address_usage_metrics": false,
            "id": "vpc-09c82748e716a4dd3",
            "instance_tenancy": "default",
            "ipv4_ipam_pool_id": null,
            "ipv4_netmask_length": null,
            "ipv6_association_id": "",
            "ipv6_cidr_block": "",
            "ipv6_cidr_block_network_border_group": "",
            "ipv6_ipam_pool_id": "",
            "ipv6_netmask_length": 0,
            "main_route_table_id": "rtb-0ac410787217f65bf",
            "owner_id": "328411654430",
            "tags": null,
            "tags_all": {}
          },
          "sensitive_attributes": [],
          "private": "eyJzY2hlbWFfdmVyc2lvbiI6IjEifQ=="
        }
      ]
    },
    {
      "mode": "managed",
      "type": "aws_vpc_security_group_egress_rule",
      "name": "allow_all_traffic",
      "provider": "provider[\"registry.terraform.io/hashicorp/aws\"]",
      "instances": [
        {
          "schema_version": 0,
          "attributes": {
            "arn": "arn:aws:ec2:us-east-1:328411654430:security-group-rule/sgr-0b3b9d04d655f0bdc",
            "cidr_ipv4": "0.0.0.0/0",
            "cidr_ipv6": null,
            "description": null,
            "from_port": null,
            "id": "sgr-0b3b9d04d655f0bdc",
            "ip_protocol": "-1",
            "prefix_list_id": null,
            "referenced_security_group_id": null,
            "security_group_id": "sg-0e5098cebdb570a66",
            "security_group_rule_id": "sgr-0b3b9d04d655f0bdc",
            "tags": null,
            "tags_all": {},
            "to_port": null
          },
          "sensitive_attributes": [],
          "dependencies": [
            "aws_security_group.bastion-sg",
            "aws_vpc.main"
          ]
        }
      ]
    },
    {
      "mode": "managed",
      "type": "aws_vpc_security_group_egress_rule",
      "name": "allow_all_traffic_web",
      "provider": "provider[\"registry.terraform.io/hashicorp/aws\"]",
      "instances": [
        {
          "schema_version": 0,
          "attributes": {
            "arn": "arn:aws:ec2:us-east-1:328411654430:security-group-rule/sgr-0924a04764581628e",
            "cidr_ipv4": "0.0.0.0/0",
            "cidr_ipv6": null,
            "description": null,
            "from_port": null,
            "id": "sgr-0924a04764581628e",
            "ip_protocol": "-1",
            "prefix_list_id": null,
            "referenced_security_group_id": null,
            "security_group_id": "sg-00ba801dbe1b0b10f",
            "security_group_rule_id": "sgr-0924a04764581628e",
            "tags": null,
            "tags_all": {},
            "to_port": null
          },
          "sensitive_attributes": [],
          "dependencies": [
            "aws_security_group.web-sg",
            "aws_vpc.main"
          ]
        }
      ]
    },
    {
      "mode": "managed",
      "type": "aws_vpc_security_group_ingress_rule",
      "name": "allow_http",
      "provider": "provider[\"registry.terraform.io/hashicorp/aws\"]",
      "instances": [
        {
          "schema_version": 0,
          "attributes": {
            "arn": "arn:aws:ec2:us-east-1:328411654430:security-group-rule/sgr-0188e7628493dabc4",
            "cidr_ipv4": "0.0.0.0/0",
            "cidr_ipv6": null,
            "description": null,
            "from_port": 80,
            "id": "sgr-0188e7628493dabc4",
            "ip_protocol": "tcp",
            "prefix_list_id": null,
            "referenced_security_group_id": null,
            "security_group_id": "sg-00ba801dbe1b0b10f",
            "security_group_rule_id": "sgr-0188e7628493dabc4",
            "tags": null,
            "tags_all": {},
            "to_port": 80
          },
          "sensitive_attributes": [],
          "dependencies": [
            "aws_security_group.web-sg",
            "aws_vpc.main"
          ]
        }
      ]
    },
    {
      "mode": "managed",
      "type": "aws_vpc_security_group_ingress_rule",
      "name": "allow_ssh",
      "provider": "provider[\"registry.terraform.io/hashicorp/aws\"]",
      "instances": [
        {
          "schema_version": 0,
          "attributes": {
            "arn": "arn:aws:ec2:us-east-1:328411654430:security-group-rule/sgr-0cd5760c181ad417e",
            "cidr_ipv4": "0.0.0.0/0",
            "cidr_ipv6": null,
            "description": null,
            "from_port": 22,
            "id": "sgr-0cd5760c181ad417e",
            "ip_protocol": "tcp",
            "prefix_list_id": null,
            "referenced_security_group_id": null,
            "security_group_id": "sg-0e5098cebdb570a66",
            "security_group_rule_id": "sgr-0cd5760c181ad417e",
            "tags": null,
            "tags_all": {},
            "to_port": 22
          },
          "sensitive_attributes": [],
          "dependencies": [
            "aws_security_group.bastion-sg",
            "aws_vpc.main"
          ]
        }
      ]
    },
    {
      "mode": "managed",
      "type": "tls_private_key",
      "name": "pk",
      "provider": "provider[\"registry.terraform.io/hashicorp/tls\"]",
      "instances": [
        {
          "schema_version": 1,
          "attributes": {
            "algorithm": "RSA",
            "ecdsa_curve": "P224",
            "id": "613810b2e304a91e54d946f01843fb07faf336d4",
            "private_key_openssh": "-----BEGIN OPENSSH PRIVATE KEY-----\nb3BlbnNzaC1rZXktdjEAAAAABG5vbmUAAAAEbm9uZQAAAAAAAAABAAACFwAAAAdz\nc2gtcnNhAAAAAwEAAQAAAgEAyJpJ8Razvm8XCX3N3/TFqYOFf/f8Sly24VjJrYXe\n03SzWolQbHFd8BpkCGnW+wgyt/08D6zmjN1N3HTQpnGDcUN8Q3htLUdtjG4M3ZMw\nVAIeN+Fpf5T4ZO4QUX1OFdnhOsx3okxfYt8C1nEGnVXFRFtD1WnYTIqJ70Df5thT\n2776GYuRZqBhZhBoZg8tlQKfwzigUXGNZom1i9VeblEV3la2pE/6tor9doJHGIy4\na+7rH4wFN67ytBBta6nEqw35lqzWjXKDnuxJqssxS2o7M/BrOmRzjDbd39M3aeyq\nZUqRx+xrXKPn/ALwCginI6AIG4RENtJ04z4ZJmVLniMkopyoT55UAzSM+6nygcjd\n4/4kEnwu6h8SfhKFOdTkoCo8egkuBBD9F07ARFwggS+N+tqbtxcmxKozxge32Zw/\nluDBrUW987UxvhPUmGpA5aedqWWHqmNts+KmcDwomBhx9aFdhktJdtL67LKXclGB\n4Ezxmy3BF9zw49s/CNgnVZwS+FOf0TdTPhBYy+JrXr7gv1hUi97I8KVCKJz55xoF\n68YRO/qa4RPf2xdM5SvzFno2vItK9+PXxcdH/ed2IMLQD/fyL8uOWxmkEShvkFGB\nsmcA2XhP7k1pXuRybwTjKeKuek9ws0crAlr1fujOAjutTcQmkF7u0ApBPHFNDlWb\nVFMAAAc4PcaY3z3GmN8AAAAHc3NoLXJzYQAAAgEAyJpJ8Razvm8XCX3N3/TFqYOF\nf/f8Sly24VjJrYXe03SzWolQbHFd8BpkCGnW+wgyt/08D6zmjN1N3HTQpnGDcUN8\nQ3htLUdtjG4M3ZMwVAIeN+Fpf5T4ZO4QUX1OFdnhOsx3okxfYt8C1nEGnVXFRFtD\n1WnYTIqJ70Df5thT2776GYuRZqBhZhBoZg8tlQKfwzigUXGNZom1i9VeblEV3la2\npE/6tor9doJHGIy4a+7rH4wFN67ytBBta6nEqw35lqzWjXKDnuxJqssxS2o7M/Br\nOmRzjDbd39M3aeyqZUqRx+xrXKPn/ALwCginI6AIG4RENtJ04z4ZJmVLniMkopyo\nT55UAzSM+6nygcjd4/4kEnwu6h8SfhKFOdTkoCo8egkuBBD9F07ARFwggS+N+tqb\ntxcmxKozxge32Zw/luDBrUW987UxvhPUmGpA5aedqWWHqmNts+KmcDwomBhx9aFd\nhktJdtL67LKXclGB4Ezxmy3BF9zw49s/CNgnVZwS+FOf0TdTPhBYy+JrXr7gv1hU\ni97I8KVCKJz55xoF68YRO/qa4RPf2xdM5SvzFno2vItK9+PXxcdH/ed2IMLQD/fy\nL8uOWxmkEShvkFGBsmcA2XhP7k1pXuRybwTjKeKuek9ws0crAlr1fujOAjutTcQm\nkF7u0ApBPHFNDlWbVFMAAAADAQABAAACAE3V9/zQ1zt79U9cfgZ4/j0w6BroSP89\njERR5CctO3GG5ZSqlQcO0ek5BDlzf9P1sWBMpQJcDzT3JZ/1v4PlpZ/MFKpFTu9z\nuKD1jo5m7yiZjcoW741uaxcWfERyP1shKFBdR8o0ogpGB97XCj8AKcPFOcPUBvZk\nBvNLk9UJeThZmMdSrT9J2aD1mtyG5SPdWcow7ZvMWJZBtqykRLi/Q6H6uXF2CwzL\nT1+tWxK+f0x57sdV2Cxr+IY/nYVZ4RKSIJcDR1io50NB4a+gmebuODyF+8UzdtYf\n7+VKGkVCbDdTQM92/415l6jkJultxBSBosOyhZlT/cCytqV8RmP8tNinxEiRFt83\njrPjEuV/Uh49w1lokUm4ipHBRhSWKedH0rINMY/zc54YJlwruUI0KEA1/V8Zx9BZ\nAD2JdzITWoB9zzcjLta4IWBa173hDhJa6TbAV0a+wpnIVIh+X78OC1CFBEmqAoL1\nQ3gR2uICSY9yIEiLCbhAyPg2Ujzusm9mRoo3cMfUviim3Nja/4EWdfZ4241KYu4q\nhCKDmrU/JpSDO+J3BUJZkGPpInrpo9kq1A8songmwC5aFqpMM4UyuLqVvaqI3WUL\n4Dm6cai9hHdnGpmjmboy06g++MSiukdH0brTZOGngAYLUMp6E3g/izusV3h9MYXr\nZEklJzdacszJAAABAQC1J8jVgpuLR54b743ibnevmySNleis1KPI9m0qbSnCJNGY\nRlt9X8PRcePzZ+jM01wPm2XODO/oTFMPepkczUQ2J4/P71EWgxwyI6FyoUGCctZY\nfpJYZG1FoEIGoPsHnRF4q2n4FHcuWBSPty3ZtVYtcO4FlcpiYMKaxLLOakyxG9th\nVoiA8qOpy87+OI05MKdTu2gJvHUVhMg7iMogdVRrfYdKTdDW3/dMwNUUcJdhoU8G\nRvT/uOOEEbGUeusQbI4G6EMT/p30t2BqHWq0Wnwc7Y7o/zTltYpXuGniHnbBttjL\nMAa7/QTvcuiG9N+3lmQAgCy4B3pminwO3mckafkFAAABAQDqcHCmHJu0ejhCSCi+\n/PXS+5/UOWJikTfX+2dr2H5CLER/KnP7yhBnqJjYAFHaLj1NhB7J7OPKlQoaAiUc\ncoPTDatRBpPrIBjImcBAgbW1nEq9Yl+aRuRATspHok3YppmTje8OznwZ0KFMhqAU\n1WiUlEttjqQcBX7GiEDC9c+MiXNGkPlWOq59LsT9iYsQIySS1B8n19GINj2+aP9F\njjsnOzfztjisCoakpePxLJYvp2szjM84Nl5Hnw6SZB1bTCzZJ5ScxjMeQzlmcFC5\nrJ3XTOjo1I864inB1A8r/YfKSZnfIvJW9XxcfcMdePBFfti9lHt8uBvdw3C0ha2r\nP2x/AAABAQDbDTZzQP7L7kkCdincfUJKrC+mOwgV2+L6LhxXfDTlZU8PiikTGYBB\ncQDlRTPwqq/3zyZt9J/hmO4Q/4hmLyaueE81PM5y5UtpSijS6tWxUUwJcgDxL4Dz\nAg7tYm0apw+9quD0qKzI8kRWmldYK/Oua7iZECPa1yZPB21/lJWbgLIkdExaH92d\nre5KkVk0buOzT1XVF0+kpjpXxgByH1Kx5jyyR+B7YF+3x7uiLbE9z/rJoxw+x7L1\nxMbp5XOfG3ThE6GXGXClBMq5Wv/bB3UmnGKKMWOjJ9mROjL+IGVHL77QFiGzao1c\nHWmOZ+cYXXBUG2uv07YgsMVe2QfLkb4tAAAAAAEC\n-----END OPENSSH PRIVATE KEY-----\n",
            "private_key_pem": "-----BEGIN RSA PRIVATE KEY-----\nMIIJKAIBAAKCAgEAyJpJ8Razvm8XCX3N3/TFqYOFf/f8Sly24VjJrYXe03SzWolQ\nbHFd8BpkCGnW+wgyt/08D6zmjN1N3HTQpnGDcUN8Q3htLUdtjG4M3ZMwVAIeN+Fp\nf5T4ZO4QUX1OFdnhOsx3okxfYt8C1nEGnVXFRFtD1WnYTIqJ70Df5thT2776GYuR\nZqBhZhBoZg8tlQKfwzigUXGNZom1i9VeblEV3la2pE/6tor9doJHGIy4a+7rH4wF\nN67ytBBta6nEqw35lqzWjXKDnuxJqssxS2o7M/BrOmRzjDbd39M3aeyqZUqRx+xr\nXKPn/ALwCginI6AIG4RENtJ04z4ZJmVLniMkopyoT55UAzSM+6nygcjd4/4kEnwu\n6h8SfhKFOdTkoCo8egkuBBD9F07ARFwggS+N+tqbtxcmxKozxge32Zw/luDBrUW9\n87UxvhPUmGpA5aedqWWHqmNts+KmcDwomBhx9aFdhktJdtL67LKXclGB4Ezxmy3B\nF9zw49s/CNgnVZwS+FOf0TdTPhBYy+JrXr7gv1hUi97I8KVCKJz55xoF68YRO/qa\n4RPf2xdM5SvzFno2vItK9+PXxcdH/ed2IMLQD/fyL8uOWxmkEShvkFGBsmcA2XhP\n7k1pXuRybwTjKeKuek9ws0crAlr1fujOAjutTcQmkF7u0ApBPHFNDlWbVFMCAwEA\nAQKCAgBN1ff80Nc7e/VPXH4GeP49MOga6Ej/PYxEUeQnLTtxhuWUqpUHDtHpOQQ5\nc3/T9bFgTKUCXA809yWf9b+D5aWfzBSqRU7vc7ig9Y6OZu8omY3KFu+NbmsXFnxE\ncj9bIShQXUfKNKIKRgfe1wo/ACnDxTnD1Ab2ZAbzS5PVCXk4WZjHUq0/Sdmg9Zrc\nhuUj3VnKMO2bzFiWQbaspES4v0Oh+rlxdgsMy09frVsSvn9Mee7HVdgsa/iGP52F\nWeESkiCXA0dYqOdDQeGvoJnm7jg8hfvFM3bWH+/lShpFQmw3U0DPdv+NeZeo5Cbp\nbcQUgaLDsoWZU/3AsralfEZj/LTYp8RIkRbfN46z4xLlf1IePcNZaJFJuIqRwUYU\nlinnR9KyDTGP83OeGCZcK7lCNChANf1fGcfQWQA9iXcyE1qAfc83Iy7WuCFgWte9\n4Q4SWuk2wFdGvsKZyFSIfl+/DgtQhQRJqgKC9UN4EdriAkmPciBIiwm4QMj4NlI8\n7rJvZkaKN3DH1L4optzY2v+BFnX2eNuNSmLuKoQig5q1PyaUgzvidwVCWZBj6SJ6\n6aPZKtQPLKJ4JsAuWhaqTDOFMri6lb2qiN1lC+A5unGovYR3ZxqZo5m6MtOoPvjE\norpHR9G602Thp4AGC1DKehN4P4s7rFd4fTGF62RJJSc3WnLMyQKCAQEA6nBwphyb\ntHo4Qkgovvz10vuf1DliYpE31/tna9h+QixEfypz+8oQZ6iY2ABR2i49TYQeyezj\nypUKGgIlHHKD0w2rUQaT6yAYyJnAQIG1tZxKvWJfmkbkQE7KR6JN2KaZk43vDs58\nGdChTIagFNVolJRLbY6kHAV+xohAwvXPjIlzRpD5VjqufS7E/YmLECMkktQfJ9fR\niDY9vmj/RY47Jzs387Y4rAqGpKXj8SyWL6drM4zPODZeR58OkmQdW0ws2SeUnMYz\nHkM5ZnBQuayd10zo6NSPOuIpwdQPK/2HykmZ3yLyVvV8XH3DHXjwRX7YvZR7fLgb\n3cNwtIWtqz9sfwKCAQEA2w02c0D+y+5JAnYp3H1CSqwvpjsIFdvi+i4cV3w05WVP\nD4opExmAQXEA5UUz8Kqv988mbfSf4ZjuEP+IZi8mrnhPNTzOcuVLaUoo0urVsVFM\nCXIA8S+A8wIO7WJtGqcPvarg9KisyPJEVppXWCvzrmu4mRAj2tcmTwdtf5SVm4Cy\nJHRMWh/dna3uSpFZNG7js09V1RdPpKY6V8YAch9SseY8skfge2Bft8e7oi2xPc/6\nyaMcPsey9cTG6eVznxt04ROhlxlwpQTKuVr/2wd1JpxiijFjoyfZkToy/iBlRy++\n0BYhs2qNXB1pjmfnGF1wVBtrr9O2ILDFXtkHy5G+LQKCAQAfN9/YTuDxFIFfWiqK\n3DaD5Nvwr7+JLptIGIM6Gjcd6rUoVefh9JNgqlPIF6rOqe+h3eEXtILU3CnfMr/s\nXNdvCFfyzzRtT/Xc6JRwQpWG3IwbUfk3Gw+T/Kn1Bgjlu7Ghs3nM9/QQn/aKsTap\n740gk+rDaQYzcQvjtgshqwf7R+Zg1DdPozrPEqZKuMEa4gMhxjtr29JcGBT6wRKV\nGY6I99rIilBboH8zd5+14uEQ8XNWBv8lFiBR2z1egxRhrvAd7qZchgwSkJMZMAWf\n4/uUyvoM3xk/lxRGak2m5vjpGAn0a7vnloL78gdEanFcX7rO6/HRttaHHlpov5BT\nyHtTAoIBAFK4qaBaoh4HDWE1mFdgoiEq5w+iaUo/8HZD5YYQLLWYTYPzy9EfpzSP\nZSQvvw6alrtBaiTJ5Xq/Ut/ub+cO1U+7tUXIgboX5yOK0uHbtvkwV0OV3s81/j9G\nvrZcnhEbl7Erj6o07JMyEiaWQHfWmT58BYkf9DpXV2suxeYRCXJg5mUn2hGKyRkb\nrspQG1zWp3x2cFZ5aCUodQ3igxaVx5fQ94jn5dkRqvPvJGd5U96g5Pcydp8qsOVo\n+ykm8kPajYfV7wbtn4FhzuCygb6IEXCUTA4d2p+pk9rpHIqlVznLyQYx5WYozdtE\nbDFQAZBM8PeCJ2eNztCHkPFhijURA70CggEBALUnyNWCm4tHnhvvjeJud6+bJI2V\n6KzUo8j2bSptKcIk0ZhGW31fw9Fx4/Nn6MzTXA+bZc4M7+hMUw96mRzNRDYnj8/v\nURaDHDIjoXKhQYJy1lh+klhkbUWgQgag+wedEXirafgUdy5YFI+3Ldm1Vi1w7gWV\nymJgwprEss5qTLEb22FWiIDyo6nLzv44jTkwp1O7aAm8dRWEyDuIyiB1VGt9h0pN\n0Nbf90zA1RRwl2GhTwZG9P+444QRsZR66xBsjgboQxP+nfS3YGodarRafBztjuj/\nNOW1ile4aeIedsG22MswBrv9BO9y6Ib037eWZACALLgHemaKfA7eZyRp+QU=\n-----END RSA PRIVATE KEY-----\n",
            "private_key_pem_pkcs8": "-----BEGIN PRIVATE KEY-----\nMIIJQgIBADANBgkqhkiG9w0BAQEFAASCCSwwggkoAgEAAoICAQDImknxFrO+bxcJ\nfc3f9MWpg4V/9/xKXLbhWMmthd7TdLNaiVBscV3wGmQIadb7CDK3/TwPrOaM3U3c\ndNCmcYNxQ3xDeG0tR22MbgzdkzBUAh434Wl/lPhk7hBRfU4V2eE6zHeiTF9i3wLW\ncQadVcVEW0PVadhMionvQN/m2FPbvvoZi5FmoGFmEGhmDy2VAp/DOKBRcY1mibWL\n1V5uURXeVrakT/q2iv12gkcYjLhr7usfjAU3rvK0EG1rqcSrDfmWrNaNcoOe7Emq\nyzFLajsz8Gs6ZHOMNt3f0zdp7KplSpHH7Gtco+f8AvAKCKcjoAgbhEQ20nTjPhkm\nZUueIySinKhPnlQDNIz7qfKByN3j/iQSfC7qHxJ+EoU51OSgKjx6CS4EEP0XTsBE\nXCCBL4362pu3FybEqjPGB7fZnD+W4MGtRb3ztTG+E9SYakDlp52pZYeqY22z4qZw\nPCiYGHH1oV2GS0l20vrsspdyUYHgTPGbLcEX3PDj2z8I2CdVnBL4U5/RN1M+EFjL\n4mtevuC/WFSL3sjwpUIonPnnGgXrxhE7+prhE9/bF0zlK/MWeja8i0r349fFx0f9\n53YgwtAP9/Ivy45bGaQRKG+QUYGyZwDZeE/uTWle5HJvBOMp4q56T3CzRysCWvV+\n6M4CO61NxCaQXu7QCkE8cU0OVZtUUwIDAQABAoICAE3V9/zQ1zt79U9cfgZ4/j0w\n6BroSP89jERR5CctO3GG5ZSqlQcO0ek5BDlzf9P1sWBMpQJcDzT3JZ/1v4PlpZ/M\nFKpFTu9zuKD1jo5m7yiZjcoW741uaxcWfERyP1shKFBdR8o0ogpGB97XCj8AKcPF\nOcPUBvZkBvNLk9UJeThZmMdSrT9J2aD1mtyG5SPdWcow7ZvMWJZBtqykRLi/Q6H6\nuXF2CwzLT1+tWxK+f0x57sdV2Cxr+IY/nYVZ4RKSIJcDR1io50NB4a+gmebuODyF\n+8UzdtYf7+VKGkVCbDdTQM92/415l6jkJultxBSBosOyhZlT/cCytqV8RmP8tNin\nxEiRFt83jrPjEuV/Uh49w1lokUm4ipHBRhSWKedH0rINMY/zc54YJlwruUI0KEA1\n/V8Zx9BZAD2JdzITWoB9zzcjLta4IWBa173hDhJa6TbAV0a+wpnIVIh+X78OC1CF\nBEmqAoL1Q3gR2uICSY9yIEiLCbhAyPg2Ujzusm9mRoo3cMfUviim3Nja/4EWdfZ4\n241KYu4qhCKDmrU/JpSDO+J3BUJZkGPpInrpo9kq1A8songmwC5aFqpMM4UyuLqV\nvaqI3WUL4Dm6cai9hHdnGpmjmboy06g++MSiukdH0brTZOGngAYLUMp6E3g/izus\nV3h9MYXrZEklJzdacszJAoIBAQDqcHCmHJu0ejhCSCi+/PXS+5/UOWJikTfX+2dr\n2H5CLER/KnP7yhBnqJjYAFHaLj1NhB7J7OPKlQoaAiUccoPTDatRBpPrIBjImcBA\ngbW1nEq9Yl+aRuRATspHok3YppmTje8OznwZ0KFMhqAU1WiUlEttjqQcBX7GiEDC\n9c+MiXNGkPlWOq59LsT9iYsQIySS1B8n19GINj2+aP9FjjsnOzfztjisCoakpePx\nLJYvp2szjM84Nl5Hnw6SZB1bTCzZJ5ScxjMeQzlmcFC5rJ3XTOjo1I864inB1A8r\n/YfKSZnfIvJW9XxcfcMdePBFfti9lHt8uBvdw3C0ha2rP2x/AoIBAQDbDTZzQP7L\n7kkCdincfUJKrC+mOwgV2+L6LhxXfDTlZU8PiikTGYBBcQDlRTPwqq/3zyZt9J/h\nmO4Q/4hmLyaueE81PM5y5UtpSijS6tWxUUwJcgDxL4DzAg7tYm0apw+9quD0qKzI\n8kRWmldYK/Oua7iZECPa1yZPB21/lJWbgLIkdExaH92dre5KkVk0buOzT1XVF0+k\npjpXxgByH1Kx5jyyR+B7YF+3x7uiLbE9z/rJoxw+x7L1xMbp5XOfG3ThE6GXGXCl\nBMq5Wv/bB3UmnGKKMWOjJ9mROjL+IGVHL77QFiGzao1cHWmOZ+cYXXBUG2uv07Yg\nsMVe2QfLkb4tAoIBAB8339hO4PEUgV9aKorcNoPk2/Cvv4kum0gYgzoaNx3qtShV\n5+H0k2CqU8gXqs6p76Hd4Re0gtTcKd8yv+xc128IV/LPNG1P9dzolHBClYbcjBtR\n+TcbD5P8qfUGCOW7saGzecz39BCf9oqxNqnvjSCT6sNpBjNxC+O2CyGrB/tH5mDU\nN0+jOs8Spkq4wRriAyHGO2vb0lwYFPrBEpUZjoj32siKUFugfzN3n7Xi4RDxc1YG\n/yUWIFHbPV6DFGGu8B3uplyGDBKQkxkwBZ/j+5TK+gzfGT+XFEZqTabm+OkYCfRr\nu+eWgvvyB0RqcVxfus7r8dG21oceWmi/kFPIe1MCggEAUripoFqiHgcNYTWYV2Ci\nISrnD6JpSj/wdkPlhhAstZhNg/PL0R+nNI9lJC+/DpqWu0FqJMnler9S3+5v5w7V\nT7u1RciBuhfnI4rS4du2+TBXQ5XezzX+P0a+tlyeERuXsSuPqjTskzISJpZAd9aZ\nPnwFiR/0OldXay7F5hEJcmDmZSfaEYrJGRuuylAbXNanfHZwVnloJSh1DeKDFpXH\nl9D3iOfl2RGq8+8kZ3lT3qDk9zJ2nyqw5Wj7KSbyQ9qNh9XvBu2fgWHO4LKBvogR\ncJRMDh3an6mT2ukciqVXOcvJBjHlZijN20RsMVABkEzw94InZ43O0IeQ8WGKNRED\nvQKCAQEAtSfI1YKbi0eeG++N4m53r5skjZXorNSjyPZtKm0pwiTRmEZbfV/D0XHj\n82fozNNcD5tlzgzv6ExTD3qZHM1ENiePz+9RFoMcMiOhcqFBgnLWWH6SWGRtRaBC\nBqD7B50ReKtp+BR3LlgUj7ct2bVWLXDuBZXKYmDCmsSyzmpMsRvbYVaIgPKjqcvO\n/jiNOTCnU7toCbx1FYTIO4jKIHVUa32HSk3Q1t/3TMDVFHCXYaFPBkb0/7jjhBGx\nlHrrEGyOBuhDE/6d9Ldgah1qtFp8HO2O6P805bWKV7hp4h52wbbYyzAGu/0E73Lo\nhvTft5ZkAIAsuAd6Zop8Dt5nJGn5BQ==\n-----END PRIVATE KEY-----\n",
            "public_key_fingerprint_md5": "8b:a5:27:6b:3e:1c:fb:58:18:76:0a:e7:6d:eb:6f:50",
            "public_key_fingerprint_sha256": "SHA256:tXsD8QnVJXGSizch8zkBOOHeutOn1H7mwjjtFFtFCvg",
            "public_key_openssh": "ssh-rsa AAAAB3NzaC1yc2EAAAADAQABAAACAQDImknxFrO+bxcJfc3f9MWpg4V/9/xKXLbhWMmthd7TdLNaiVBscV3wGmQIadb7CDK3/TwPrOaM3U3cdNCmcYNxQ3xDeG0tR22MbgzdkzBUAh434Wl/lPhk7hBRfU4V2eE6zHeiTF9i3wLWcQadVcVEW0PVadhMionvQN/m2FPbvvoZi5FmoGFmEGhmDy2VAp/DOKBRcY1mibWL1V5uURXeVrakT/q2iv12gkcYjLhr7usfjAU3rvK0EG1rqcSrDfmWrNaNcoOe7EmqyzFLajsz8Gs6ZHOMNt3f0zdp7KplSpHH7Gtco+f8AvAKCKcjoAgbhEQ20nTjPhkmZUueIySinKhPnlQDNIz7qfKByN3j/iQSfC7qHxJ+EoU51OSgKjx6CS4EEP0XTsBEXCCBL4362pu3FybEqjPGB7fZnD+W4MGtRb3ztTG+E9SYakDlp52pZYeqY22z4qZwPCiYGHH1oV2GS0l20vrsspdyUYHgTPGbLcEX3PDj2z8I2CdVnBL4U5/RN1M+EFjL4mtevuC/WFSL3sjwpUIonPnnGgXrxhE7+prhE9/bF0zlK/MWeja8i0r349fFx0f953YgwtAP9/Ivy45bGaQRKG+QUYGyZwDZeE/uTWle5HJvBOMp4q56T3CzRysCWvV+6M4CO61NxCaQXu7QCkE8cU0OVZtUUw==\n",
            "public_key_pem": "-----BEGIN PUBLIC KEY-----\nMIICIjANBgkqhkiG9w0BAQEFAAOCAg8AMIICCgKCAgEAyJpJ8Razvm8XCX3N3/TF\nqYOFf/f8Sly24VjJrYXe03SzWolQbHFd8BpkCGnW+wgyt/08D6zmjN1N3HTQpnGD\ncUN8Q3htLUdtjG4M3ZMwVAIeN+Fpf5T4ZO4QUX1OFdnhOsx3okxfYt8C1nEGnVXF\nRFtD1WnYTIqJ70Df5thT2776GYuRZqBhZhBoZg8tlQKfwzigUXGNZom1i9VeblEV\n3la2pE/6tor9doJHGIy4a+7rH4wFN67ytBBta6nEqw35lqzWjXKDnuxJqssxS2o7\nM/BrOmRzjDbd39M3aeyqZUqRx+xrXKPn/ALwCginI6AIG4RENtJ04z4ZJmVLniMk\nopyoT55UAzSM+6nygcjd4/4kEnwu6h8SfhKFOdTkoCo8egkuBBD9F07ARFwggS+N\n+tqbtxcmxKozxge32Zw/luDBrUW987UxvhPUmGpA5aedqWWHqmNts+KmcDwomBhx\n9aFdhktJdtL67LKXclGB4Ezxmy3BF9zw49s/CNgnVZwS+FOf0TdTPhBYy+JrXr7g\nv1hUi97I8KVCKJz55xoF68YRO/qa4RPf2xdM5SvzFno2vItK9+PXxcdH/ed2IMLQ\nD/fyL8uOWxmkEShvkFGBsmcA2XhP7k1pXuRybwTjKeKuek9ws0crAlr1fujOAjut\nTcQmkF7u0ApBPHFNDlWbVFMCAwEAAQ==\n-----END PUBLIC KEY-----\n",
            "rsa_bits": 4096
          },
          "sensitive_attributes": [
            [
              {
                "type": "get_attr",
                "value": "private_key_pem"
              }
            ],
            [
              {
                "type": "get_attr",
                "value": "private_key_pem_pkcs8"
              }
            ],
            [
              {
                "type": "get_attr",
                "value": "private_key_openssh"
              }
            ]
          ]
        }
      ]
    }
  ],
  "check_results": null
}
